# This file is generated by running "yarn install" inside your project.
# Manual changes might be lost - proceed with caution!

__metadata:
  version: 6
  cacheKey: 8

"ts-pattern-issue-110@workspace:.":
  version: 0.0.0-use.local
  resolution: "ts-pattern-issue-110@workspace:."
  dependencies:
    ts-pattern: ^4.0.5
    typescript: ^4.8.3
  languageName: unknown
  linkType: soft

"ts-pattern@npm:^4.0.5":
  version: 4.0.5
  resolution: "ts-pattern@npm:4.0.5"
  checksum: b1ecf36afb567ee6adbaee6e885e51775b1a390ed528589ae3bcb1e376412ed0774b54495ffca7be2a324e75268f894d34379b84388930485cf1359b30d5bc8b
  languageName: node
  linkType: hard

"typescript@npm:^4.8.3":
  version: 4.8.3
  resolution: "typescript@npm:4.8.3"
  bin:
    tsc: bin/tsc
    tsserver: bin/tsserver
  checksum: 8286a5edcaf3d68e65c451aa1e7150ad1cf53ee0813c07ec35b7abdfdb10f355ecaa13c6a226a694ae7a67785fd7eeebf89f845da0b4f7e4a35561ddc459aba0
  languageName: node
  linkType: hard

"typescript@patch:typescript@^4.8.3#~builtin<compat/typescript>":
  version: 4.8.3
  resolution: "typescript@patch:typescript@npm%3A4.8.3#~builtin<compat/typescript>::version=4.8.3&hash=a1c5e5"
  bin:
    tsc: bin/tsc
    tsserver: bin/tsserver
  checksum: 2222d2382fb3146089b1d27ce2b55e9d1f99cc64118f1aba75809b693b856c5d3c324f052f60c75b577947fc538bc1c27bad0eb76cbdba9a63a253489504ba7e
  languageName: node
  linkType: hard
